
Microsoft Visual Studio Solution File, Format Version 12.00
# Visual Studio Version 17
VisualStudioVersion = 17.1.32421.90
MinimumVisualStudioVersion = 10.0.40219.1
Project("{9A19103F-16F7-4668-BE54-9A1E7A4F7556}") = "EasyRefreshToken", "EasyRefreshToken\EasyRefreshToken.csproj", "{525FF2C5-6E3C-4128-8A61-94B9F846B5C8}"
EndProject
Project("{FAE04EC0-301F-11D3-BF4B-00C04F79EFBC}") = "Demo", "Demo\Demo.csproj", "{462B4055-7591-4633-B463-456AE1B83844}"
EndProject
Global
	GlobalSection(SolutionConfigurationPlatforms) = preSolution
		Debug|Any CPU = Debug|Any CPU
		Release|Any CPU = Release|Any CPU
	EndGlobalSection
	GlobalSection(ProjectConfigurationPlatforms) = postSolution
		{525FF2C5-6E3C-4128-8A61-94B9F846B5C8}.Debug|Any CPU.ActiveCfg = Debug|Any CPU
		{525FF2C5-6E3C-4128-8A61-94B9F846B5C8}.Debug|Any CPU.Build.0 = Debug|Any CPU
		{525FF2C5-6E3C-4128-8A61-94B9F846B5C8}.Release|Any CPU.ActiveCfg = Release|Any CPU
		{525FF2C5-6E3C-4128-8A61-94B9F846B5C8}.Release|Any CPU.Build.0 = Release|Any CPU
		{462B4055-7591-4633-B463-456AE1B83844}.Debug|Any CPU.ActiveCfg = Debug|Any CPU
		{462B4055-7591-4633-B463-456AE1B83844}.Debug|Any CPU.Build.0 = Debug|Any CPU
		{462B4055-7591-4633-B463-456AE1B83844}.Release|Any CPU.ActiveCfg = Release|Any CPU
		{462B4055-7591-4633-B463-456AE1B83844}.Release|Any CPU.Build.0 = Release|Any CPU
	EndGlobalSection
	GlobalSection(SolutionProperties) = preSolution
		HideSolutionNode = FALSE
	EndGlobalSection
	GlobalSection(ExtensibilityGlobals) = postSolution
		SolutionGuid = {119D1F04-B5AA-43E9-83ED-A8D7E716AFCD}
	EndGlobalSection
EndGlobal
